{
    "hash": "39b3745256010faf9c89c6871957470a",
    "packages": [
        {
            "package": "doctrine/common",
            "version": "2.1.x-dev",
            "source-reference": "41794945e795e108060eddb3342c9e13524b9b3e"
        },
        {
            "package": "doctrine/dbal",
            "version": "2.1.x-dev",
            "source-reference": "9d3625eeb1f7c840d3897d8961e977b554276a1d"
        },
        {
            "package": "doctrine/orm",
            "version": "2.1.x-dev",
            "source-reference": "07ee8c524984c425dade9baf39911a68c3a9b22a"
        },
        {
            "package": "jms/metadata",
            "version": "1.1.1"
        },
        {
            "package": "jms/security-extra-bundle",
            "version": "1.0.x-dev",
            "source-reference": "e752f888c51425f71382c056961f10f2be642102"
        },
        {
            "package": "knplabs/knp-components",
            "version": "dev-master",
            "source-reference": "9fa22749e8bb337071d5bf7759f7feecc9baf597"
        },
        {
            "package": "knplabs/knp-paginator-bundle",
            "version": "dev-master",
            "source-reference": "203d7e041088f6a62c453158aeb643909a7e5121"
        },
        {
            "package": "kriswallsmith/assetic",
            "version": "1.0.x-dev",
            "source-reference": "0e2f7d4e1658a3ec818fab289af5b99ac3e98e9c"
        },
        {
            "package": "monolog/monolog",
            "version": "1.1.0"
        },
        {
            "package": "polishsymfonycommunity/blog-bundle",
            "version": "dev-master",
            "source-reference": "2cf7341217bd54b9914089a50c08e64fb6fe5179"
        },
        {
            "package": "sensio/distribution-bundle",
            "version": "2.0.x-dev",
            "source-reference": "20b66a408084ad8752f98e50f10533f5245310bf"
        },
        {
            "package": "sensio/framework-extra-bundle",
            "version": "2.0.x-dev",
            "source-reference": "1eda94d838aa885e154f92f426df35f2252cdb92"
        },
        {
            "package": "sensio/generator-bundle",
            "version": "2.0.x-dev",
            "source-reference": "83b768a487a6878f2bc2ad6859bd61a3651a7885"
        },
        {
            "package": "swiftmailer/swiftmailer",
            "version": "dev-master",
            "source-reference": "57789082d1d53529dcf8cd3ca132d9787a59afee"
        },
        {
            "package": "swiftmailer/swiftmailer",
            "version": "dev-master",
            "source-reference": "57789082d1d53529dcf8cd3ca132d9787a59afee",
            "alias-pretty-version": "4.1.x-dev",
            "alias-version": "4.1.9999999.9999999-dev"
        },
        {
            "package": "symfony/assetic-bundle",
            "version": "2.0.x-dev",
            "source-reference": "3515e6f0ab1e628bd9208a0d4316d011511a99cb"
        },
        {
            "package": "symfony/symfony",
            "version": "2.0.x-dev",
            "source-reference": "cbc3ed36b90681d8daf0c1e046aeed9f0be373a5"
        },
        {
            "package": "twig/extensions",
            "version": "dev-master",
            "source-reference": "446d870272cd87a720e95242eade38a2acf56eaa"
        },
        {
            "package": "twig/twig",
            "version": "dev-master",
            "source-reference": "d661c2a2f654ba8f2bddeeac0b8a80dcd59649ab"
        },
        {
            "package": "twig/twig",
            "version": "dev-master",
            "source-reference": "d661c2a2f654ba8f2bddeeac0b8a80dcd59649ab",
            "alias-pretty-version": "1.9.x-dev",
            "alias-version": "1.9.9999999.9999999-dev"
        }
    ],
    "packages-dev": [
        {
            "package": "behat/behat",
            "version": "v2.3.5"
        },
        {
            "package": "behat/behat-bundle",
            "version": "dev-master",
            "source-reference": "29f36c9df020b0ba81bf153583cf4533ac07dbcd"
        },
        {
            "package": "behat/common-contexts",
            "version": "dev-master",
            "source-reference": "ac7499e648cc2f786a912e1adb4d5d40bdb40e38"
        },
        {
            "package": "behat/gherkin",
            "version": "v2.1.1"
        },
        {
            "package": "behat/mink",
            "version": "v1.3.3"
        },
        {
            "package": "behat/mink-bundle",
            "version": "dev-master",
            "source-reference": "4f68c897b5a0b0414d3fad9b282a2a8885136cad"
        }
    ],
    "aliases": [

    ]
}
