symfony 05c8178349cc48a12b7d46ab22eb0d545617ad0d
twig 94ac20f1553d945c2c224d19d9d28e85ec14372b
monolog 433b98d4218c181bae01865901aac045585e8a1a
doctrine-common 40f1bf16e84ddc5291a6a63aa00b9879c40e3500
doctrine-dbal 0127ee98a4301f2f6e3463c824adc3a3687f901f
doctrine dfdb7353065407afc997956e23f3a44ec3effd72
swiftmailer c53c8c1ab88c78c463ba65086d93d00193957e94
assetic 3333d371c4511abcdec7bad86e15ac2be3b10f03
twig-extensions 6b0cc16934b6e62ef07c8d2e59f9f13ff3193d3d
metadata 8717ad2a5689480765d9ffafe925cd8a2457e582
SensioFrameworkExtraBundle bced40d4d123f5171f888d6e56bb638b8c2a5e57
JMSSecurityExtraBundle 936892c9735f76037393639f1410773715bf403c
SensioDistributionBundle ba9d3b7bd51e4c4d9987a656dd26800b757e1ddd
SensioGeneratorBundle e8bcce716ac876ccd8ffed9f1e54177323bf0b59
AsseticBundle 61bc7f32c663a9c7be53ed761a574a1509f74d7e
Mink 26b2893fd76945691c6dbe839ab312b5683db80b
Gherkin ebf711c78542c83a98c65d1ab0ce8002afd616e5
Behat 5df81971f7796f0ad5c577c608a4ccad12d03b5e
MinkBundle 9eb9f32728afe3ec252535ee72510caecdc092d9
BehatBundle 5c4d354512c26fa2d11c2212bec98a25989d5349
Zend 3c971e8f36463850f4e8e3b2324ff1c12dbf2682
PaginatorBundle bc53101d8a3e52d799e0fb04de9e44d6f5ac2599