symfony 28be19461b92d65642b79c87cf97b90406b2b0e8
twig 661e9c7ad2820e881c93474f2fbcbe2661fd1970
monolog 20066e28117769ee38fbe974042e975172007a23
doctrine-common 6480ae6b5c3bc668bfd284f367210657d854e12e
doctrine-dbal 4981b302c36cc9c2a305b8d80b75b8b114d497c9
doctrine 024b7b7cb6a11aa8c7fd753bf955f33c2fbc3054
swiftmailer c53c8c1ab88c78c463ba65086d93d00193957e94
assetic ff2cc17175addf307d40141198968530280693db
twig-extensions 6b0cc16934b6e62ef07c8d2e59f9f13ff3193d3d
metadata aa04872c6f0e2b32128b62dd075e8cf97a8d93da
SensioFrameworkExtraBundle 4202abea19fd143434be4cb276da5b3811bd60d5
JMSSecurityExtraBundle 936892c9735f76037393639f1410773715bf403c
SensioDistributionBundle 03cc2ae87becc98c368438a3d14f2b4954be06f7
SensioGeneratorBundle 39a54993fc26a6e29ea15877463d7305e93ba2e3
AsseticBundle bf7ee477c1192cb8f7e27697be0b5cd263b9015d
Mink e4ab58c17457074f4b0a629828de92cbfacced5c
Gherkin c78172f1b4042aaf13073b4a202b6267fcf440e0
Behat a4e3ad11cc8712f866886249783ed7625b493dba
MinkBundle 8857e098fd56e6e3b663774c57676ebfed5a1271
BehatBundle fd5142f70ca243816f12e1a8d6864a71715ed324
Zend be8c51bd26fe9a6652e1051f059bf435e94ee2d4
PaginatorBundle c6fd12fd6836fc5a527f265f225f180145e98db6